
Microsoft Visual Studio Solution File, Format Version 12.00
# Visual Studio Version 17
VisualStudioVersion = 17.0.31612.314
MinimumVisualStudioVersion = 10.0.40219.1
Project("{FAE04EC0-301F-11D3-BF4B-00C04F79EFBC}") = "BlazorApp1", "BlazorApp1\BlazorApp1.csproj", "{BBDFAD27-4BA6-433C-9341-C2F730C293D6}"
EndProject
Global
	GlobalSection(SolutionConfigurationPlatforms) = preSolution
		Debug|Any CPU = Debug|Any CPU
		Release|Any CPU = Release|Any CPU
	EndGlobalSection
	GlobalSection(ProjectConfigurationPlatforms) = postSolution
		{BBDFAD27-4BA6-433C-9341-C2F730C293D6}.Debug|Any CPU.ActiveCfg = Debug|Any CPU
		{BBDFAD27-4BA6-433C-9341-C2F730C293D6}.Debug|Any CPU.Build.0 = Debug|Any CPU
		{BBDFAD27-4BA6-433C-9341-C2F730C293D6}.Release|Any CPU.ActiveCfg = Release|Any CPU
		{BBDFAD27-4BA6-433C-9341-C2F730C293D6}.Release|Any CPU.Build.0 = Release|Any CPU
	EndGlobalSection
	GlobalSection(SolutionProperties) = preSolution
		HideSolutionNode = FALSE
	EndGlobalSection
	GlobalSection(ExtensibilityGlobals) = postSolution
		SolutionGuid = {6F744573-CA98-4788-9DC6-E39EF14EEE81}
	EndGlobalSection
EndGlobal
